
Microsoft Visual Studio Solution File, Format Version 12.00
# Visual Studio Version 17
VisualStudioVersion = 17.9.34701.34
MinimumVisualStudioVersion = 10.0.40219.1
Project("{FAE04EC0-301F-11D3-BF4B-00C04F79EFBC}") = "shopManagementSystem", "shopManagementSystem\shopManagementSystem.csproj", "{A03D24DD-327C-4263-AC03-0F6746B3806F}"
EndProject
Global
	GlobalSection(SolutionConfigurationPlatforms) = preSolution
		Debug|Any CPU = Debug|Any CPU
		Release|Any CPU = Release|Any CPU
	EndGlobalSection
	GlobalSection(ProjectConfigurationPlatforms) = postSolution
		{A03D24DD-327C-4263-AC03-0F6746B3806F}.Debug|Any CPU.ActiveCfg = Debug|Any CPU
		{A03D24DD-327C-4263-AC03-0F6746B3806F}.Debug|Any CPU.Build.0 = Debug|Any CPU
		{A03D24DD-327C-4263-AC03-0F6746B3806F}.Release|Any CPU.ActiveCfg = Release|Any CPU
		{A03D24DD-327C-4263-AC03-0F6746B3806F}.Release|Any CPU.Build.0 = Release|Any CPU
	EndGlobalSection
	GlobalSection(SolutionProperties) = preSolution
		HideSolutionNode = FALSE
	EndGlobalSection
	GlobalSection(ExtensibilityGlobals) = postSolution
		SolutionGuid = {30235079-541E-4851-A536-38D8D73DC71C}
	EndGlobalSection
EndGlobal
